
Microsoft Visual Studio Solution File, Format Version 12.00
# Visual Studio 15
VisualStudioVersion = 15.0.26228.9
MinimumVisualStudioVersion = 10.0.40219.1
Project("{D954291E-2A0B-460D-934E-DC6B0785DB48}") = "Shared.Core", "Shared.Core\Shared.Core.shproj", "{06F1B63D-76F8-4F14-A730-178BC86D9643}"
EndProject
Project("{FAE04EC0-301F-11D3-BF4B-00C04F79EFBC}") = "App.Android", "App.Android\App.Android.csproj", "{C3E90BAE-E993-4F8B-8542-7BC8F36F607C}"
EndProject
Project("{FAE04EC0-301F-11D3-BF4B-00C04F79EFBC}") = "App.iOS", "App.iOS\App.iOS.csproj", "{50103FDF-87BF-4399-925A-1FB8A56C2541}"
EndProject
Project("{FAE04EC0-301F-11D3-BF4B-00C04F79EFBC}") = "App.UWP", "App.UWP\App.UWP.csproj", "{C3C5EB01-BDC1-40C3-A6A7-7BB26751C896}"
EndProject
Project("{D954291E-2A0B-460D-934E-DC6B0785DB48}") = "IO.Swagger", "IO.Swagger\IO.Swagger.shproj", "{01805438-FA9E-40BB-BC30-46D36F98B385}"
EndProject
Global
	GlobalSection(SharedMSBuildProjectFiles) = preSolution
		IO.Swagger\IO.Swagger.projitems*{01805438-fa9e-40bb-bc30-46d36f98b385}*SharedItemsImports = 13
		Shared.Core\Shared.Core.projitems*{06f1b63d-76f8-4f14-a730-178bc86d9643}*SharedItemsImports = 13
		Shared.Core\Shared.Core.projitems*{50103fdf-87bf-4399-925a-1fb8a56c2541}*SharedItemsImports = 4
		IO.Swagger\IO.Swagger.projitems*{c3e90bae-e993-4f8b-8542-7bc8f36f607c}*SharedItemsImports = 4
		Shared.Core\Shared.Core.projitems*{c3e90bae-e993-4f8b-8542-7bc8f36f607c}*SharedItemsImports = 4
	EndGlobalSection
	GlobalSection(SolutionConfigurationPlatforms) = preSolution
		Ad-Hoc|Any CPU = Ad-Hoc|Any CPU
		Ad-Hoc|ARM = Ad-Hoc|ARM
		Ad-Hoc|iPhone = Ad-Hoc|iPhone
		Ad-Hoc|iPhoneSimulator = Ad-Hoc|iPhoneSimulator
		Ad-Hoc|x64 = Ad-Hoc|x64
		Ad-Hoc|x86 = Ad-Hoc|x86
		AppStore|Any CPU = AppStore|Any CPU
		AppStore|ARM = AppStore|ARM
		AppStore|iPhone = AppStore|iPhone
		AppStore|iPhoneSimulator = AppStore|iPhoneSimulator
		AppStore|x64 = AppStore|x64
		AppStore|x86 = AppStore|x86
		Debug|Any CPU = Debug|Any CPU
		Debug|ARM = Debug|ARM
		Debug|iPhone = Debug|iPhone
		Debug|iPhoneSimulator = Debug|iPhoneSimulator
		Debug|x64 = Debug|x64
		Debug|x86 = Debug|x86
		Release|Any CPU = Release|Any CPU
		Release|ARM = Release|ARM
		Release|iPhone = Release|iPhone
		Release|iPhoneSimulator = Release|iPhoneSimulator
		Release|x64 = Release|x64
		Release|x86 = Release|x86
	EndGlobalSection
	GlobalSection(ProjectConfigurationPlatforms) = postSolution
		{C3E90BAE-E993-4F8B-8542-7BC8F36F607C}.Ad-Hoc|Any CPU.ActiveCfg = Release|Any CPU
		{C3E90BAE-E993-4F8B-8542-7BC8F36F607C}.Ad-Hoc|Any CPU.Build.0 = Release|Any CPU
		{C3E90BAE-E993-4F8B-8542-7BC8F36F607C}.Ad-Hoc|Any CPU.Deploy.0 = Release|Any CPU
		{C3E90BAE-E993-4F8B-8542-7BC8F36F607C}.Ad-Hoc|ARM.ActiveCfg = Release|Any CPU
		{C3E90BAE-E993-4F8B-8542-7BC8F36F607C}.Ad-Hoc|ARM.Build.0 = Release|Any CPU
		{C3E90BAE-E993-4F8B-8542-7BC8F36F607C}.Ad-Hoc|ARM.Deploy.0 = Release|Any CPU
		{C3E90BAE-E993-4F8B-8542-7BC8F36F607C}.Ad-Hoc|iPhone.ActiveCfg = Release|Any CPU
		{C3E90BAE-E993-4F8B-8542-7BC8F36F607C}.Ad-Hoc|iPhone.Build.0 = Release|Any CPU
		{C3E90BAE-E993-4F8B-8542-7BC8F36F607C}.Ad-Hoc|iPhone.Deploy.0 = Release|Any CPU
		{C3E90BAE-E993-4F8B-8542-7BC8F36F607C}.Ad-Hoc|iPhoneSimulator.ActiveCfg = Release|Any CPU
		{C3E90BAE-E993-4F8B-8542-7BC8F36F607C}.Ad-Hoc|iPhoneSimulator.Build.0 = Release|Any CPU
		{C3E90BAE-E993-4F8B-8542-7BC8F36F607C}.Ad-Hoc|iPhoneSimulator.Deploy.0 = Release|Any CPU
		{C3E90BAE-E993-4F8B-8542-7BC8F36F607C}.Ad-Hoc|x64.ActiveCfg = Release|Any CPU
		{C3E90BAE-E993-4F8B-8542-7BC8F36F607C}.Ad-Hoc|x64.Build.0 = Release|Any CPU
		{C3E90BAE-E993-4F8B-8542-7BC8F36F607C}.Ad-Hoc|x64.Deploy.0 = Release|Any CPU
		{C3E90BAE-E993-4F8B-8542-7BC8F36F607C}.Ad-Hoc|x86.ActiveCfg = Release|Any CPU
		{C3E90BAE-E993-4F8B-8542-7BC8F36F607C}.Ad-Hoc|x86.Build.0 = Release|Any CPU
		{C3E90BAE-E993-4F8B-8542-7BC8F36F607C}.Ad-Hoc|x86.Deploy.0 = Release|Any CPU
		{C3E90BAE-E993-4F8B-8542-7BC8F36F607C}.AppStore|Any CPU.ActiveCfg = Release|Any CPU
		{C3E90BAE-E993-4F8B-8542-7BC8F36F607C}.AppStore|Any CPU.Build.0 = Release|Any CPU
		{C3E90BAE-E993-4F8B-8542-7BC8F36F607C}.AppStore|Any CPU.Deploy.0 = Release|Any CPU
		{C3E90BAE-E993-4F8B-8542-7BC8F36F607C}.AppStore|ARM.ActiveCfg = Release|Any CPU
		{C3E90BAE-E993-4F8B-8542-7BC8F36F607C}.AppStore|ARM.Build.0 = Release|Any CPU
		{C3E90BAE-E993-4F8B-8542-7BC8F36F607C}.AppStore|ARM.Deploy.0 = Release|Any CPU
		{C3E90BAE-E993-4F8B-8542-7BC8F36F607C}.AppStore|iPhone.ActiveCfg = Release|Any CPU
		{C3E90BAE-E993-4F8B-8542-7BC8F36F607C}.AppStore|iPhone.Build.0 = Release|Any CPU
		{C3E90BAE-E993-4F8B-8542-7BC8F36F607C}.AppStore|iPhone.Deploy.0 = Release|Any CPU
		{C3E90BAE-E993-4F8B-8542-7BC8F36F607C}.AppStore|iPhoneSimulator.ActiveCfg = Release|Any CPU
		{C3E90BAE-E993-4F8B-8542-7BC8F36F607C}.AppStore|iPhoneSimulator.Build.0 = Release|Any CPU
		{C3E90BAE-E993-4F8B-8542-7BC8F36F607C}.AppStore|iPhoneSimulator.Deploy.0 = Release|Any CPU
		{C3E90BAE-E993-4F8B-8542-7BC8F36F607C}.AppStore|x64.ActiveCfg = Release|Any CPU
		{C3E90BAE-E993-4F8B-8542-7BC8F36F607C}.AppStore|x64.Build.0 = Release|Any CPU
		{C3E90BAE-E993-4F8B-8542-7BC8F36F607C}.AppStore|x64.Deploy.0 = Release|Any CPU
		{C3E90BAE-E993-4F8B-8542-7BC8F36F607C}.AppStore|x86.ActiveCfg = Release|Any CPU
		{C3E90BAE-E993-4F8B-8542-7BC8F36F607C}.AppStore|x86.Build.0 = Release|Any CPU
		{C3E90BAE-E993-4F8B-8542-7BC8F36F607C}.AppStore|x86.Deploy.0 = Release|Any CPU
		{C3E90BAE-E993-4F8B-8542-7BC8F36F607C}.Debug|Any CPU.ActiveCfg = Debug|Any CPU
		{C3E90BAE-E993-4F8B-8542-7BC8F36F607C}.Debug|Any CPU.Build.0 = Debug|Any CPU
		{C3E90BAE-E993-4F8B-8542-7BC8F36F607C}.Debug|Any CPU.Deploy.0 = Debug|Any CPU
		{C3E90BAE-E993-4F8B-8542-7BC8F36F607C}.Debug|ARM.ActiveCfg = Debug|Any CPU
		{C3E90BAE-E993-4F8B-8542-7BC8F36F607C}.Debug|ARM.Build.0 = Debug|Any CPU
		{C3E90BAE-E993-4F8B-8542-7BC8F36F607C}.Debug|ARM.Deploy.0 = Debug|Any CPU
		{C3E90BAE-E993-4F8B-8542-7BC8F36F607C}.Debug|iPhone.ActiveCfg = Debug|Any CPU
		{C3E90BAE-E993-4F8B-8542-7BC8F36F607C}.Debug|iPhone.Build.0 = Debug|Any CPU
		{C3E90BAE-E993-4F8B-8542-7BC8F36F607C}.Debug|iPhone.Deploy.0 = Debug|Any CPU
		{C3E90BAE-E993-4F8B-8542-7BC8F36F607C}.Debug|iPhoneSimulator.ActiveCfg = Debug|Any CPU
		{C3E90BAE-E993-4F8B-8542-7BC8F36F607C}.Debug|iPhoneSimulator.Build.0 = Debug|Any CPU
		{C3E90BAE-E993-4F8B-8542-7BC8F36F607C}.Debug|iPhoneSimulator.Deploy.0 = Debug|Any CPU
		{C3E90BAE-E993-4F8B-8542-7BC8F36F607C}.Debug|x64.ActiveCfg = Debug|Any CPU
		{C3E90BAE-E993-4F8B-8542-7BC8F36F607C}.Debug|x64.Build.0 = Debug|Any CPU
		{C3E90BAE-E993-4F8B-8542-7BC8F36F607C}.Debug|x64.Deploy.0 = Debug|Any CPU
		{C3E90BAE-E993-4F8B-8542-7BC8F36F607C}.Debug|x86.ActiveCfg = Debug|Any CPU
		{C3E90BAE-E993-4F8B-8542-7BC8F36F607C}.Debug|x86.Build.0 = Debug|Any CPU
		{C3E90BAE-E993-4F8B-8542-7BC8F36F607C}.Debug|x86.Deploy.0 = Debug|Any CPU
		{C3E90BAE-E993-4F8B-8542-7BC8F36F607C}.Release|Any CPU.ActiveCfg = Release|Any CPU
		{C3E90BAE-E993-4F8B-8542-7BC8F36F607C}.Release|Any CPU.Build.0 = Release|Any CPU
		{C3E90BAE-E993-4F8B-8542-7BC8F36F607C}.Release|Any CPU.Deploy.0 = Release|Any CPU
		{C3E90BAE-E993-4F8B-8542-7BC8F36F607C}.Release|ARM.ActiveCfg = Release|Any CPU
		{C3E90BAE-E993-4F8B-8542-7BC8F36F607C}.Release|ARM.Build.0 = Release|Any CPU
		{C3E90BAE-E993-4F8B-8542-7BC8F36F607C}.Release|ARM.Deploy.0 = Release|Any CPU
		{C3E90BAE-E993-4F8B-8542-7BC8F36F607C}.Release|iPhone.ActiveCfg = Release|Any CPU
		{C3E90BAE-E993-4F8B-8542-7BC8F36F607C}.Release|iPhone.Build.0 = Release|Any CPU
		{C3E90BAE-E993-4F8B-8542-7BC8F36F607C}.Release|iPhone.Deploy.0 = Release|Any CPU
		{C3E90BAE-E993-4F8B-8542-7BC8F36F607C}.Release|iPhoneSimulator.ActiveCfg = Release|Any CPU
		{C3E90BAE-E993-4F8B-8542-7BC8F36F607C}.Release|iPhoneSimulator.Build.0 = Release|Any CPU
		{C3E90BAE-E993-4F8B-8542-7BC8F36F607C}.Release|iPhoneSimulator.Deploy.0 = Release|Any CPU
		{C3E90BAE-E993-4F8B-8542-7BC8F36F607C}.Release|x64.ActiveCfg = Release|Any CPU
		{C3E90BAE-E993-4F8B-8542-7BC8F36F607C}.Release|x64.Build.0 = Release|Any CPU
		{C3E90BAE-E993-4F8B-8542-7BC8F36F607C}.Release|x64.Deploy.0 = Release|Any CPU
		{C3E90BAE-E993-4F8B-8542-7BC8F36F607C}.Release|x86.ActiveCfg = Release|Any CPU
		{C3E90BAE-E993-4F8B-8542-7BC8F36F607C}.Release|x86.Build.0 = Release|Any CPU
		{C3E90BAE-E993-4F8B-8542-7BC8F36F607C}.Release|x86.Deploy.0 = Release|Any CPU
		{50103FDF-87BF-4399-925A-1FB8A56C2541}.Ad-Hoc|Any CPU.ActiveCfg = Ad-Hoc|iPhone
		{50103FDF-87BF-4399-925A-1FB8A56C2541}.Ad-Hoc|ARM.ActiveCfg = Ad-Hoc|iPhone
		{50103FDF-87BF-4399-925A-1FB8A56C2541}.Ad-Hoc|iPhone.ActiveCfg = Ad-Hoc|iPhone
		{50103FDF-87BF-4399-925A-1FB8A56C2541}.Ad-Hoc|iPhone.Build.0 = Ad-Hoc|iPhone
		{50103FDF-87BF-4399-925A-1FB8A56C2541}.Ad-Hoc|iPhoneSimulator.ActiveCfg = Ad-Hoc|iPhoneSimulator
		{50103FDF-87BF-4399-925A-1FB8A56C2541}.Ad-Hoc|iPhoneSimulator.Build.0 = Ad-Hoc|iPhoneSimulator
		{50103FDF-87BF-4399-925A-1FB8A56C2541}.Ad-Hoc|x64.ActiveCfg = Ad-Hoc|iPhone
		{50103FDF-87BF-4399-925A-1FB8A56C2541}.Ad-Hoc|x86.ActiveCfg = Ad-Hoc|iPhone
		{50103FDF-87BF-4399-925A-1FB8A56C2541}.AppStore|Any CPU.ActiveCfg = AppStore|iPhone
		{50103FDF-87BF-4399-925A-1FB8A56C2541}.AppStore|ARM.ActiveCfg = AppStore|iPhone
		{50103FDF-87BF-4399-925A-1FB8A56C2541}.AppStore|iPhone.ActiveCfg = AppStore|iPhone
		{50103FDF-87BF-4399-925A-1FB8A56C2541}.AppStore|iPhone.Build.0 = AppStore|iPhone
		{50103FDF-87BF-4399-925A-1FB8A56C2541}.AppStore|iPhoneSimulator.ActiveCfg = AppStore|iPhoneSimulator
		{50103FDF-87BF-4399-925A-1FB8A56C2541}.AppStore|iPhoneSimulator.Build.0 = AppStore|iPhoneSimulator
		{50103FDF-87BF-4399-925A-1FB8A56C2541}.AppStore|x64.ActiveCfg = AppStore|iPhone
		{50103FDF-87BF-4399-925A-1FB8A56C2541}.AppStore|x86.ActiveCfg = AppStore|iPhone
		{50103FDF-87BF-4399-925A-1FB8A56C2541}.Debug|Any CPU.ActiveCfg = Debug|iPhone
		{50103FDF-87BF-4399-925A-1FB8A56C2541}.Debug|ARM.ActiveCfg = Debug|iPhone
		{50103FDF-87BF-4399-925A-1FB8A56C2541}.Debug|iPhone.ActiveCfg = Debug|iPhone
		{50103FDF-87BF-4399-925A-1FB8A56C2541}.Debug|iPhone.Build.0 = Debug|iPhone
		{50103FDF-87BF-4399-925A-1FB8A56C2541}.Debug|iPhoneSimulator.ActiveCfg = Debug|iPhoneSimulator
		{50103FDF-87BF-4399-925A-1FB8A56C2541}.Debug|iPhoneSimulator.Build.0 = Debug|iPhoneSimulator
		{50103FDF-87BF-4399-925A-1FB8A56C2541}.Debug|x64.ActiveCfg = Debug|iPhone
		{50103FDF-87BF-4399-925A-1FB8A56C2541}.Debug|x86.ActiveCfg = Debug|iPhone
		{50103FDF-87BF-4399-925A-1FB8A56C2541}.Release|Any CPU.ActiveCfg = Release|iPhone
		{50103FDF-87BF-4399-925A-1FB8A56C2541}.Release|ARM.ActiveCfg = Release|iPhone
		{50103FDF-87BF-4399-925A-1FB8A56C2541}.Release|iPhone.ActiveCfg = Release|iPhone
		{50103FDF-87BF-4399-925A-1FB8A56C2541}.Release|iPhone.Build.0 = Release|iPhone
		{50103FDF-87BF-4399-925A-1FB8A56C2541}.Release|iPhoneSimulator.ActiveCfg = Release|iPhoneSimulator
		{50103FDF-87BF-4399-925A-1FB8A56C2541}.Release|iPhoneSimulator.Build.0 = Release|iPhoneSimulator
		{50103FDF-87BF-4399-925A-1FB8A56C2541}.Release|x64.ActiveCfg = Release|iPhone
		{50103FDF-87BF-4399-925A-1FB8A56C2541}.Release|x86.ActiveCfg = Release|iPhone
		{C3C5EB01-BDC1-40C3-A6A7-7BB26751C896}.Ad-Hoc|Any CPU.ActiveCfg = Release|x86
		{C3C5EB01-BDC1-40C3-A6A7-7BB26751C896}.Ad-Hoc|Any CPU.Build.0 = Release|x86
		{C3C5EB01-BDC1-40C3-A6A7-7BB26751C896}.Ad-Hoc|Any CPU.Deploy.0 = Release|x86
		{C3C5EB01-BDC1-40C3-A6A7-7BB26751C896}.Ad-Hoc|ARM.ActiveCfg = Release|ARM
		{C3C5EB01-BDC1-40C3-A6A7-7BB26751C896}.Ad-Hoc|ARM.Build.0 = Release|ARM
		{C3C5EB01-BDC1-40C3-A6A7-7BB26751C896}.Ad-Hoc|ARM.Deploy.0 = Release|ARM
		{C3C5EB01-BDC1-40C3-A6A7-7BB26751C896}.Ad-Hoc|iPhone.ActiveCfg = Release|x86
		{C3C5EB01-BDC1-40C3-A6A7-7BB26751C896}.Ad-Hoc|iPhone.Build.0 = Release|x86
		{C3C5EB01-BDC1-40C3-A6A7-7BB26751C896}.Ad-Hoc|iPhone.Deploy.0 = Release|x86
		{C3C5EB01-BDC1-40C3-A6A7-7BB26751C896}.Ad-Hoc|iPhoneSimulator.ActiveCfg = Release|x86
		{C3C5EB01-BDC1-40C3-A6A7-7BB26751C896}.Ad-Hoc|iPhoneSimulator.Build.0 = Release|x86
		{C3C5EB01-BDC1-40C3-A6A7-7BB26751C896}.Ad-Hoc|iPhoneSimulator.Deploy.0 = Release|x86
		{C3C5EB01-BDC1-40C3-A6A7-7BB26751C896}.Ad-Hoc|x64.ActiveCfg = Release|x64
		{C3C5EB01-BDC1-40C3-A6A7-7BB26751C896}.Ad-Hoc|x64.Build.0 = Release|x64
		{C3C5EB01-BDC1-40C3-A6A7-7BB26751C896}.Ad-Hoc|x64.Deploy.0 = Release|x64
		{C3C5EB01-BDC1-40C3-A6A7-7BB26751C896}.Ad-Hoc|x86.ActiveCfg = Release|x86
		{C3C5EB01-BDC1-40C3-A6A7-7BB26751C896}.Ad-Hoc|x86.Build.0 = Release|x86
		{C3C5EB01-BDC1-40C3-A6A7-7BB26751C896}.Ad-Hoc|x86.Deploy.0 = Release|x86
		{C3C5EB01-BDC1-40C3-A6A7-7BB26751C896}.AppStore|Any CPU.ActiveCfg = Release|x86
		{C3C5EB01-BDC1-40C3-A6A7-7BB26751C896}.AppStore|Any CPU.Build.0 = Release|x86
		{C3C5EB01-BDC1-40C3-A6A7-7BB26751C896}.AppStore|Any CPU.Deploy.0 = Release|x86
		{C3C5EB01-BDC1-40C3-A6A7-7BB26751C896}.AppStore|ARM.ActiveCfg = Release|ARM
		{C3C5EB01-BDC1-40C3-A6A7-7BB26751C896}.AppStore|ARM.Build.0 = Release|ARM
		{C3C5EB01-BDC1-40C3-A6A7-7BB26751C896}.AppStore|ARM.Deploy.0 = Release|ARM
		{C3C5EB01-BDC1-40C3-A6A7-7BB26751C896}.AppStore|iPhone.ActiveCfg = Release|x86
		{C3C5EB01-BDC1-40C3-A6A7-7BB26751C896}.AppStore|iPhone.Build.0 = Release|x86
		{C3C5EB01-BDC1-40C3-A6A7-7BB26751C896}.AppStore|iPhone.Deploy.0 = Release|x86
		{C3C5EB01-BDC1-40C3-A6A7-7BB26751C896}.AppStore|iPhoneSimulator.ActiveCfg = Release|x86
		{C3C5EB01-BDC1-40C3-A6A7-7BB26751C896}.AppStore|iPhoneSimulator.Build.0 = Release|x86
		{C3C5EB01-BDC1-40C3-A6A7-7BB26751C896}.AppStore|iPhoneSimulator.Deploy.0 = Release|x86
		{C3C5EB01-BDC1-40C3-A6A7-7BB26751C896}.AppStore|x64.ActiveCfg = Release|x64
		{C3C5EB01-BDC1-40C3-A6A7-7BB26751C896}.AppStore|x64.Build.0 = Release|x64
		{C3C5EB01-BDC1-40C3-A6A7-7BB26751C896}.AppStore|x64.Deploy.0 = Release|x64
		{C3C5EB01-BDC1-40C3-A6A7-7BB26751C896}.AppStore|x86.ActiveCfg = Release|x86
		{C3C5EB01-BDC1-40C3-A6A7-7BB26751C896}.AppStore|x86.Build.0 = Release|x86
		{C3C5EB01-BDC1-40C3-A6A7-7BB26751C896}.AppStore|x86.Deploy.0 = Release|x86
		{C3C5EB01-BDC1-40C3-A6A7-7BB26751C896}.Debug|Any CPU.ActiveCfg = Debug|x86
		{C3C5EB01-BDC1-40C3-A6A7-7BB26751C896}.Debug|ARM.ActiveCfg = Debug|ARM
		{C3C5EB01-BDC1-40C3-A6A7-7BB26751C896}.Debug|ARM.Build.0 = Debug|ARM
		{C3C5EB01-BDC1-40C3-A6A7-7BB26751C896}.Debug|ARM.Deploy.0 = Debug|ARM
		{C3C5EB01-BDC1-40C3-A6A7-7BB26751C896}.Debug|iPhone.ActiveCfg = Debug|x86
		{C3C5EB01-BDC1-40C3-A6A7-7BB26751C896}.Debug|iPhoneSimulator.ActiveCfg = Debug|x86
		{C3C5EB01-BDC1-40C3-A6A7-7BB26751C896}.Debug|x64.ActiveCfg = Debug|x64
		{C3C5EB01-BDC1-40C3-A6A7-7BB26751C896}.Debug|x64.Build.0 = Debug|x64
		{C3C5EB01-BDC1-40C3-A6A7-7BB26751C896}.Debug|x64.Deploy.0 = Debug|x64
		{C3C5EB01-BDC1-40C3-A6A7-7BB26751C896}.Debug|x86.ActiveCfg = Debug|x86
		{C3C5EB01-BDC1-40C3-A6A7-7BB26751C896}.Debug|x86.Build.0 = Debug|x86
		{C3C5EB01-BDC1-40C3-A6A7-7BB26751C896}.Debug|x86.Deploy.0 = Debug|x86
		{C3C5EB01-BDC1-40C3-A6A7-7BB26751C896}.Release|Any CPU.ActiveCfg = Release|x86
		{C3C5EB01-BDC1-40C3-A6A7-7BB26751C896}.Release|ARM.ActiveCfg = Release|ARM
		{C3C5EB01-BDC1-40C3-A6A7-7BB26751C896}.Release|ARM.Build.0 = Release|ARM
		{C3C5EB01-BDC1-40C3-A6A7-7BB26751C896}.Release|ARM.Deploy.0 = Release|ARM
		{C3C5EB01-BDC1-40C3-A6A7-7BB26751C896}.Release|iPhone.ActiveCfg = Release|x86
		{C3C5EB01-BDC1-40C3-A6A7-7BB26751C896}.Release|iPhoneSimulator.ActiveCfg = Release|x86
		{C3C5EB01-BDC1-40C3-A6A7-7BB26751C896}.Release|x64.ActiveCfg = Release|x64
		{C3C5EB01-BDC1-40C3-A6A7-7BB26751C896}.Release|x64.Build.0 = Release|x64
		{C3C5EB01-BDC1-40C3-A6A7-7BB26751C896}.Release|x64.Deploy.0 = Release|x64
		{C3C5EB01-BDC1-40C3-A6A7-7BB26751C896}.Release|x86.ActiveCfg = Release|x86
		{C3C5EB01-BDC1-40C3-A6A7-7BB26751C896}.Release|x86.Build.0 = Release|x86
		{C3C5EB01-BDC1-40C3-A6A7-7BB26751C896}.Release|x86.Deploy.0 = Release|x86
	EndGlobalSection
	GlobalSection(SolutionProperties) = preSolution
		HideSolutionNode = FALSE
	EndGlobalSection
EndGlobal
